
Microsoft Visual Studio Solution File, Format Version 12.00
# Visual Studio Version 17
VisualStudioVersion = 17.9.34728.123
MinimumVisualStudioVersion = 10.0.40219.1
Project("{9A19103F-16F7-4668-BE54-9A1E7A4F7556}") = "TornBlackMarket.Security", "TornBlackMarket.Security\TornBlackMarket.Security.csproj", "{9C39F330-2FC3-4289-9E45-836EA5D8377C}"
EndProject
Project("{9A19103F-16F7-4668-BE54-9A1E7A4F7556}") = "TornBlackMarket.Common", "TornBlackMarket.Common\TornBlackMarket.Common.csproj", "{91A6A190-CD5C-4C3B-8162-C08A5D4037D6}"
EndProject
Project("{9A19103F-16F7-4668-BE54-9A1E7A4F7556}") = "TornBlackMarket.Server", "TornBlackMarket.Server\TornBlackMarket.Server.csproj", "{3E4618F9-F70D-47BA-A996-D27ACF94972B}"
EndProject
Project("{9A19103F-16F7-4668-BE54-9A1E7A4F7556}") = "TornBlackMarket.Logic", "TornBlackMarket.Logic\TornBlackMarket.Logic.csproj", "{0C1411A8-2BA4-47BE-966C-86E0CDDAF272}"
EndProject
Project("{9A19103F-16F7-4668-BE54-9A1E7A4F7556}") = "TornBlackMarket.Data", "TornBlackMarket.Data\TornBlackMarket.Data.csproj", "{32815CF9-112C-4B70-9486-10ED8095AB2C}"
EndProject
Project("{FAE04EC0-301F-11D3-BF4B-00C04F79EFBC}") = "TornBlackMarket.Migrations", "TornBlackMarket.Migrations\TornBlackMarket.Migrations.csproj", "{97DC1F47-5E23-4E0A-BEA2-785611924166}"
EndProject
Global
	GlobalSection(SolutionConfigurationPlatforms) = preSolution
		Debug|Any CPU = Debug|Any CPU
		Release|Any CPU = Release|Any CPU
	EndGlobalSection
	GlobalSection(ProjectConfigurationPlatforms) = postSolution
		{9C39F330-2FC3-4289-9E45-836EA5D8377C}.Debug|Any CPU.ActiveCfg = Debug|Any CPU
		{9C39F330-2FC3-4289-9E45-836EA5D8377C}.Debug|Any CPU.Build.0 = Debug|Any CPU
		{9C39F330-2FC3-4289-9E45-836EA5D8377C}.Release|Any CPU.ActiveCfg = Release|Any CPU
		{9C39F330-2FC3-4289-9E45-836EA5D8377C}.Release|Any CPU.Build.0 = Release|Any CPU
		{91A6A190-CD5C-4C3B-8162-C08A5D4037D6}.Debug|Any CPU.ActiveCfg = Debug|Any CPU
		{91A6A190-CD5C-4C3B-8162-C08A5D4037D6}.Debug|Any CPU.Build.0 = Debug|Any CPU
		{91A6A190-CD5C-4C3B-8162-C08A5D4037D6}.Release|Any CPU.ActiveCfg = Release|Any CPU
		{91A6A190-CD5C-4C3B-8162-C08A5D4037D6}.Release|Any CPU.Build.0 = Release|Any CPU
		{3E4618F9-F70D-47BA-A996-D27ACF94972B}.Debug|Any CPU.ActiveCfg = Debug|Any CPU
		{3E4618F9-F70D-47BA-A996-D27ACF94972B}.Debug|Any CPU.Build.0 = Debug|Any CPU
		{3E4618F9-F70D-47BA-A996-D27ACF94972B}.Release|Any CPU.ActiveCfg = Release|Any CPU
		{3E4618F9-F70D-47BA-A996-D27ACF94972B}.Release|Any CPU.Build.0 = Release|Any CPU
		{0C1411A8-2BA4-47BE-966C-86E0CDDAF272}.Debug|Any CPU.ActiveCfg = Debug|Any CPU
		{0C1411A8-2BA4-47BE-966C-86E0CDDAF272}.Debug|Any CPU.Build.0 = Debug|Any CPU
		{0C1411A8-2BA4-47BE-966C-86E0CDDAF272}.Release|Any CPU.ActiveCfg = Release|Any CPU
		{0C1411A8-2BA4-47BE-966C-86E0CDDAF272}.Release|Any CPU.Build.0 = Release|Any CPU
		{32815CF9-112C-4B70-9486-10ED8095AB2C}.Debug|Any CPU.ActiveCfg = Debug|Any CPU
		{32815CF9-112C-4B70-9486-10ED8095AB2C}.Debug|Any CPU.Build.0 = Debug|Any CPU
		{32815CF9-112C-4B70-9486-10ED8095AB2C}.Release|Any CPU.ActiveCfg = Release|Any CPU
		{32815CF9-112C-4B70-9486-10ED8095AB2C}.Release|Any CPU.Build.0 = Release|Any CPU
		{97DC1F47-5E23-4E0A-BEA2-785611924166}.Debug|Any CPU.ActiveCfg = Debug|Any CPU
		{97DC1F47-5E23-4E0A-BEA2-785611924166}.Debug|Any CPU.Build.0 = Debug|Any CPU
		{97DC1F47-5E23-4E0A-BEA2-785611924166}.Release|Any CPU.ActiveCfg = Release|Any CPU
		{97DC1F47-5E23-4E0A-BEA2-785611924166}.Release|Any CPU.Build.0 = Release|Any CPU
	EndGlobalSection
	GlobalSection(SolutionProperties) = preSolution
		HideSolutionNode = FALSE
	EndGlobalSection
	GlobalSection(ExtensibilityGlobals) = postSolution
		SolutionGuid = {765E2C55-5491-4981-9191-1E5398F34064}
	EndGlobalSection
EndGlobal
